// !$*UTF8*$!
{
	archiveVersion = 1;
	classes = {
	};
	objectVersion = 55;
	objects = {

/* Begin PBXBuildFile section */
		95030CEA28D1BA4D001AA3A1 /* AnswerButton.swift in Sources */ = {isa = PBXBuildFile; fileRef = 95030CE928D1BA4D001AA3A1 /* AnswerButton.swift */; };
		950C59F528DADA10007C8504 /* Animation.swift in Sources */ = {isa = PBXBuildFile; fileRef = 950C59F428DADA10007C8504 /* Animation.swift */; };
		950C59F928DB181C007C8504 /* Protocols.swift in Sources */ = {isa = PBXBuildFile; fileRef = 950C59F828DB181C007C8504 /* Protocols.swift */; };
		950C59FB28DB1F73007C8504 /* ProtocolTest.swift in Sources */ = {isa = PBXBuildFile; fileRef = 950C59FA28DB1F73007C8504 /* ProtocolTest.swift */; };
		950C59FD28DB1F79007C8504 /* ClassTest.swift in Sources */ = {isa = PBXBuildFile; fileRef = 950C59FC28DB1F79007C8504 /* ClassTest.swift */; };
		951B630228D1A87C004F9877 /* GuessTheCapitalView.swift in Sources */ = {isa = PBXBuildFile; fileRef = 951B630128D1A87C004F9877 /* GuessTheCapitalView.swift */; };
		951D197328D485E000671FAD /* CustomColors.swift in Sources */ = {isa = PBXBuildFile; fileRef = 951D197228D485E000671FAD /* CustomColors.swift */; };
		952E41E928DC521200198643 /* GameAlertsModifier.swift in Sources */ = {isa = PBXBuildFile; fileRef = 952E41E828DC521200198643 /* GameAlertsModifier.swift */; };
		952E41EB28DC612400198643 /* GameStatsModalView.swift in Sources */ = {isa = PBXBuildFile; fileRef = 952E41EA28DC612400198643 /* GameStatsModalView.swift */; };
		9539829328C51EDE00B70973 /* GeoQuizApp.swift in Sources */ = {isa = PBXBuildFile; fileRef = 9539829228C51EDE00B70973 /* GeoQuizApp.swift */; };
		9539829728C51EDF00B70973 /* Assets.xcassets in Resources */ = {isa = PBXBuildFile; fileRef = 9539829628C51EDF00B70973 /* Assets.xcassets */; };
		9539829A28C51EDF00B70973 /* Preview Assets.xcassets in Resources */ = {isa = PBXBuildFile; fileRef = 9539829928C51EDF00B70973 /* Preview Assets.xcassets */; };
		955A658128D703EB00CEEC6D /* GameToolbar.swift in Sources */ = {isa = PBXBuildFile; fileRef = 955A658028D703EB00CEEC6D /* GameToolbar.swift */; };
		955A658328D733E400CEEC6D /* Game.swift in Sources */ = {isa = PBXBuildFile; fileRef = 955A658228D733E400CEEC6D /* Game.swift */; };
		955A658528D73EC600CEEC6D /* GuessTheCapital.swift in Sources */ = {isa = PBXBuildFile; fileRef = 955A658428D73EC600CEEC6D /* GuessTheCapital.swift */; };
		955A65A928D7815E00CEEC6D /* Haptics.swift in Sources */ = {isa = PBXBuildFile; fileRef = 955A65A828D7815E00CEEC6D /* Haptics.swift */; };
		956273EA28CB2E98008DC094 /* FlagImage.swift in Sources */ = {isa = PBXBuildFile; fileRef = 956273E928CB2E98008DC094 /* FlagImage.swift */; };
		959D257028C7251F00C55A5E /* BuyLivesModalView.swift in Sources */ = {isa = PBXBuildFile; fileRef = 959D256F28C7251F00C55A5E /* BuyLivesModalView.swift */; };
		959D414928C87ED900BAAC14 /* CityPopulation.swift in Sources */ = {isa = PBXBuildFile; fileRef = 959D414828C87ED900BAAC14 /* CityPopulation.swift */; };
		959D415028C8834B00BAAC14 /* CountryFlags.json in Resources */ = {isa = PBXBuildFile; fileRef = 959D414A28C8834B00BAAC14 /* CountryFlags.json */; };
		959D415128C8834B00BAAC14 /* CountryPopulation.json in Resources */ = {isa = PBXBuildFile; fileRef = 959D414B28C8834B00BAAC14 /* CountryPopulation.json */; };
		959D415228C8834B00BAAC14 /* CountryCurrencies.json in Resources */ = {isa = PBXBuildFile; fileRef = 959D414C28C8834B00BAAC14 /* CountryCurrencies.json */; };
		959D415428C8834B00BAAC14 /* CountryCapitals.json in Resources */ = {isa = PBXBuildFile; fileRef = 959D414E28C8834B00BAAC14 /* CountryCapitals.json */; };
		959D415528C8834B00BAAC14 /* CountryCities.json in Resources */ = {isa = PBXBuildFile; fileRef = 959D414F28C8834B00BAAC14 /* CountryCities.json */; };
		959D415728C8851900BAAC14 /* CountryCapitals.swift in Sources */ = {isa = PBXBuildFile; fileRef = 959D415628C8851900BAAC14 /* CountryCapitals.swift */; };
		959D415928C8854800BAAC14 /* CountryCities.swift in Sources */ = {isa = PBXBuildFile; fileRef = 959D415828C8854700BAAC14 /* CountryCities.swift */; };
		959D415B28C885C700BAAC14 /* CountryCurrencies.swift in Sources */ = {isa = PBXBuildFile; fileRef = 959D415A28C885C700BAAC14 /* CountryCurrencies.swift */; };
		959D415D28C885ED00BAAC14 /* CountryFlags.swift in Sources */ = {isa = PBXBuildFile; fileRef = 959D415C28C885ED00BAAC14 /* CountryFlags.swift */; };
		959D415F28C8861F00BAAC14 /* CountryPopulation.swift in Sources */ = {isa = PBXBuildFile; fileRef = 959D415E28C8861F00BAAC14 /* CountryPopulation.swift */; };
		959D416528C88B6400BAAC14 /* CityPopulation.json in Resources */ = {isa = PBXBuildFile; fileRef = 959D416428C88B6400BAAC14 /* CityPopulation.json */; };
		95AE8D5728C8750E0067F219 /* Load.swift in Sources */ = {isa = PBXBuildFile; fileRef = 95AE8D5628C8750E0067F219 /* Load.swift */; };
		95C430F728D092FC00480D23 /* GameSelection.swift in Sources */ = {isa = PBXBuildFile; fileRef = 95C430F628D092FC00480D23 /* GameSelection.swift */; };
		95C430F928D0A8E500480D23 /* CustomGradients.swift in Sources */ = {isa = PBXBuildFile; fileRef = 95C430F828D0A8E500480D23 /* CustomGradients.swift */; };
		95C4315628C64A8C00212131 /* ContentView.swift in Sources */ = {isa = PBXBuildFile; fileRef = 95C4315528C64A8C00212131 /* ContentView.swift */; };
		95C4315928C6500000212131 /* GameButton.swift in Sources */ = {isa = PBXBuildFile; fileRef = 95C4315828C6500000212131 /* GameButton.swift */; };
		95FA409A28D9876B00129B60 /* GuessTheFlagView.swift in Sources */ = {isa = PBXBuildFile; fileRef = 95FA409928D9876B00129B60 /* GuessTheFlagView.swift */; };
		95FA409C28D9881100129B60 /* GuessTheFlag.swift in Sources */ = {isa = PBXBuildFile; fileRef = 95FA409B28D9881100129B60 /* GuessTheFlag.swift */; };
/* End PBXBuildFile section */

/* Begin PBXFileReference section */
		95030CE928D1BA4D001AA3A1 /* AnswerButton.swift */ = {isa = PBXFileReference; lastKnownFileType = sourcecode.swift; path = AnswerButton.swift; sourceTree = "<group>"; };
		950C59F428DADA10007C8504 /* Animation.swift */ = {isa = PBXFileReference; lastKnownFileType = sourcecode.swift; path = Animation.swift; sourceTree = "<group>"; };
		950C59F828DB181C007C8504 /* Protocols.swift */ = {isa = PBXFileReference; lastKnownFileType = sourcecode.swift; path = Protocols.swift; sourceTree = "<group>"; };
		950C59FA28DB1F73007C8504 /* ProtocolTest.swift */ = {isa = PBXFileReference; lastKnownFileType = sourcecode.swift; path = ProtocolTest.swift; sourceTree = "<group>"; };
		950C59FC28DB1F79007C8504 /* ClassTest.swift */ = {isa = PBXFileReference; lastKnownFileType = sourcecode.swift; path = ClassTest.swift; sourceTree = "<group>"; };
		951B630128D1A87C004F9877 /* GuessTheCapitalView.swift */ = {isa = PBXFileReference; lastKnownFileType = sourcecode.swift; path = GuessTheCapitalView.swift; sourceTree = "<group>"; };
		951D197228D485E000671FAD /* CustomColors.swift */ = {isa = PBXFileReference; lastKnownFileType = sourcecode.swift; path = CustomColors.swift; sourceTree = "<group>"; };
		952E41E828DC521200198643 /* GameAlertsModifier.swift */ = {isa = PBXFileReference; lastKnownFileType = sourcecode.swift; path = GameAlertsModifier.swift; sourceTree = "<group>"; };
		952E41EA28DC612400198643 /* GameStatsModalView.swift */ = {isa = PBXFileReference; lastKnownFileType = sourcecode.swift; path = GameStatsModalView.swift; sourceTree = "<group>"; };
		9539828F28C51EDE00B70973 /* GeoQuiz.app */ = {isa = PBXFileReference; explicitFileType = wrapper.application; includeInIndex = 0; path = GeoQuiz.app; sourceTree = BUILT_PRODUCTS_DIR; };
		9539829228C51EDE00B70973 /* GeoQuizApp.swift */ = {isa = PBXFileReference; lastKnownFileType = sourcecode.swift; path = GeoQuizApp.swift; sourceTree = "<group>"; };
		9539829628C51EDF00B70973 /* Assets.xcassets */ = {isa = PBXFileReference; lastKnownFileType = folder.assetcatalog; path = Assets.xcassets; sourceTree = "<group>"; };
		9539829928C51EDF00B70973 /* Preview Assets.xcassets */ = {isa = PBXFileReference; lastKnownFileType = folder.assetcatalog; path = "Preview Assets.xcassets"; sourceTree = "<group>"; };
		955A658028D703EB00CEEC6D /* GameToolbar.swift */ = {isa = PBXFileReference; lastKnownFileType = sourcecode.swift; path = GameToolbar.swift; sourceTree = "<group>"; };
		955A658228D733E400CEEC6D /* Game.swift */ = {isa = PBXFileReference; lastKnownFileType = sourcecode.swift; path = Game.swift; sourceTree = "<group>"; };
		955A658428D73EC600CEEC6D /* GuessTheCapital.swift */ = {isa = PBXFileReference; lastKnownFileType = sourcecode.swift; path = GuessTheCapital.swift; sourceTree = "<group>"; };
		955A65A828D7815E00CEEC6D /* Haptics.swift */ = {isa = PBXFileReference; lastKnownFileType = sourcecode.swift; path = Haptics.swift; sourceTree = "<group>"; };
		956273E928CB2E98008DC094 /* FlagImage.swift */ = {isa = PBXFileReference; lastKnownFileType = sourcecode.swift; path = FlagImage.swift; sourceTree = "<group>"; };
		959D256F28C7251F00C55A5E /* BuyLivesModalView.swift */ = {isa = PBXFileReference; lastKnownFileType = sourcecode.swift; path = BuyLivesModalView.swift; sourceTree = "<group>"; };
		959D414828C87ED900BAAC14 /* CityPopulation.swift */ = {isa = PBXFileReference; lastKnownFileType = sourcecode.swift; path = CityPopulation.swift; sourceTree = "<group>"; };
		959D414A28C8834B00BAAC14 /* CountryFlags.json */ = {isa = PBXFileReference; fileEncoding = 4; lastKnownFileType = text.json; path = CountryFlags.json; sourceTree = "<group>"; };
		959D414B28C8834B00BAAC14 /* CountryPopulation.json */ = {isa = PBXFileReference; fileEncoding = 4; lastKnownFileType = text.json; path = CountryPopulation.json; sourceTree = "<group>"; };
		959D414C28C8834B00BAAC14 /* CountryCurrencies.json */ = {isa = PBXFileReference; fileEncoding = 4; lastKnownFileType = text.json; path = CountryCurrencies.json; sourceTree = "<group>"; };
		959D414E28C8834B00BAAC14 /* CountryCapitals.json */ = {isa = PBXFileReference; fileEncoding = 4; lastKnownFileType = text.json; path = CountryCapitals.json; sourceTree = "<group>"; };
		959D414F28C8834B00BAAC14 /* CountryCities.json */ = {isa = PBXFileReference; fileEncoding = 4; lastKnownFileType = text.json; path = CountryCities.json; sourceTree = "<group>"; };
		959D415628C8851900BAAC14 /* CountryCapitals.swift */ = {isa = PBXFileReference; lastKnownFileType = sourcecode.swift; path = CountryCapitals.swift; sourceTree = "<group>"; };
		959D415828C8854700BAAC14 /* CountryCities.swift */ = {isa = PBXFileReference; lastKnownFileType = sourcecode.swift; path = CountryCities.swift; sourceTree = "<group>"; };
		959D415A28C885C700BAAC14 /* CountryCurrencies.swift */ = {isa = PBXFileReference; lastKnownFileType = sourcecode.swift; path = CountryCurrencies.swift; sourceTree = "<group>"; };
		959D415C28C885ED00BAAC14 /* CountryFlags.swift */ = {isa = PBXFileReference; lastKnownFileType = sourcecode.swift; path = CountryFlags.swift; sourceTree = "<group>"; };
		959D415E28C8861F00BAAC14 /* CountryPopulation.swift */ = {isa = PBXFileReference; lastKnownFileType = sourcecode.swift; path = CountryPopulation.swift; sourceTree = "<group>"; };
		959D416428C88B6400BAAC14 /* CityPopulation.json */ = {isa = PBXFileReference; fileEncoding = 4; lastKnownFileType = text.json; path = CityPopulation.json; sourceTree = "<group>"; };
		95AE8D5628C8750E0067F219 /* Load.swift */ = {isa = PBXFileReference; lastKnownFileType = sourcecode.swift; path = Load.swift; sourceTree = "<group>"; };
		95C430F628D092FC00480D23 /* GameSelection.swift */ = {isa = PBXFileReference; lastKnownFileType = sourcecode.swift; path = GameSelection.swift; sourceTree = "<group>"; };
		95C430F828D0A8E500480D23 /* CustomGradients.swift */ = {isa = PBXFileReference; lastKnownFileType = sourcecode.swift; path = CustomGradients.swift; sourceTree = "<group>"; };
		95C4315528C64A8C00212131 /* ContentView.swift */ = {isa = PBXFileReference; lastKnownFileType = sourcecode.swift; path = ContentView.swift; sourceTree = "<group>"; };
		95C4315828C6500000212131 /* GameButton.swift */ = {isa = PBXFileReference; lastKnownFileType = sourcecode.swift; path = GameButton.swift; sourceTree = "<group>"; };
		95FA409928D9876B00129B60 /* GuessTheFlagView.swift */ = {isa = PBXFileReference; lastKnownFileType = sourcecode.swift; path = GuessTheFlagView.swift; sourceTree = "<group>"; };
		95FA409B28D9881100129B60 /* GuessTheFlag.swift */ = {isa = PBXFileReference; lastKnownFileType = sourcecode.swift; path = GuessTheFlag.swift; sourceTree = "<group>"; };
/* End PBXFileReference section */

/* Begin PBXFrameworksBuildPhase section */
		9539828C28C51EDE00B70973 /* Frameworks */ = {
			isa = PBXFrameworksBuildPhase;
			buildActionMask = 2147483647;
			files = (
			);
			runOnlyForDeploymentPostprocessing = 0;
		};
/* End PBXFrameworksBuildPhase section */

/* Begin PBXGroup section */
		95030CE728D1B60F001AA3A1 /* Logic */ = {
			isa = PBXGroup;
			children = (
				95C430F628D092FC00480D23 /* GameSelection.swift */,
				95C430F828D0A8E500480D23 /* CustomGradients.swift */,
				951D197228D485E000671FAD /* CustomColors.swift */,
				95AE8D5628C8750E0067F219 /* Load.swift */,
				955A65A828D7815E00CEEC6D /* Haptics.swift */,
				955A658228D733E400CEEC6D /* Game.swift */,
				95FA409B28D9881100129B60 /* GuessTheFlag.swift */,
				955A658428D73EC600CEEC6D /* GuessTheCapital.swift */,
			);
			path = Logic;
			sourceTree = "<group>";
		};
		950C59F328DADA01007C8504 /* Tests */ = {
			isa = PBXGroup;
			children = (
				950C59F428DADA10007C8504 /* Animation.swift */,
				950C59F828DB181C007C8504 /* Protocols.swift */,
				950C59FA28DB1F73007C8504 /* ProtocolTest.swift */,
				950C59FC28DB1F79007C8504 /* ClassTest.swift */,
			);
			path = Tests;
			sourceTree = "<group>";
		};
		9520ABBA28C86D0300A3D4D7 /* Data */ = {
			isa = PBXGroup;
			children = (
				959D416428C88B6400BAAC14 /* CityPopulation.json */,
				959D414E28C8834B00BAAC14 /* CountryCapitals.json */,
				959D414F28C8834B00BAAC14 /* CountryCities.json */,
				959D414C28C8834B00BAAC14 /* CountryCurrencies.json */,
				959D414A28C8834B00BAAC14 /* CountryFlags.json */,
				959D414B28C8834B00BAAC14 /* CountryPopulation.json */,
			);
			path = Data;
			sourceTree = "<group>";
		};
		9539828628C51EDE00B70973 = {
			isa = PBXGroup;
			children = (
				9539829128C51EDE00B70973 /* GeoQuiz */,
				9539829028C51EDE00B70973 /* Products */,
			);
			sourceTree = "<group>";
		};
		9539829028C51EDE00B70973 /* Products */ = {
			isa = PBXGroup;
			children = (
				9539828F28C51EDE00B70973 /* GeoQuiz.app */,
			);
			name = Products;
			sourceTree = "<group>";
		};
		9539829128C51EDE00B70973 /* GeoQuiz */ = {
			isa = PBXGroup;
			children = (
				9539829228C51EDE00B70973 /* GeoQuizApp.swift */,
				95C4315528C64A8C00212131 /* ContentView.swift */,
				95FA409928D9876B00129B60 /* GuessTheFlagView.swift */,
				951B630128D1A87C004F9877 /* GuessTheCapitalView.swift */,
				959D256F28C7251F00C55A5E /* BuyLivesModalView.swift */,
				952E41EA28DC612400198643 /* GameStatsModalView.swift */,
				959D414728C87EA600BAAC14 /* Helpers */,
				959D414528C87E8D00BAAC14 /* Models */,
				95030CE728D1B60F001AA3A1 /* Logic */,
				950C59F328DADA01007C8504 /* Tests */,
				9520ABBA28C86D0300A3D4D7 /* Data */,
				9539829628C51EDF00B70973 /* Assets.xcassets */,
				9539829828C51EDF00B70973 /* Preview Content */,
			);
			path = GeoQuiz;
			sourceTree = "<group>";
		};
		9539829828C51EDF00B70973 /* Preview Content */ = {
			isa = PBXGroup;
			children = (
				9539829928C51EDF00B70973 /* Preview Assets.xcassets */,
			);
			path = "Preview Content";
			sourceTree = "<group>";
		};
		959D414528C87E8D00BAAC14 /* Models */ = {
			isa = PBXGroup;
			children = (
				959D415C28C885ED00BAAC14 /* CountryFlags.swift */,
				959D415628C8851900BAAC14 /* CountryCapitals.swift */,
				959D414828C87ED900BAAC14 /* CityPopulation.swift */,
				959D415828C8854700BAAC14 /* CountryCities.swift */,
				959D415A28C885C700BAAC14 /* CountryCurrencies.swift */,
				959D415E28C8861F00BAAC14 /* CountryPopulation.swift */,
			);
			path = Models;
			sourceTree = "<group>";
		};
		959D414728C87EA600BAAC14 /* Helpers */ = {
			isa = PBXGroup;
			children = (
				95C4315828C6500000212131 /* GameButton.swift */,
				956273E928CB2E98008DC094 /* FlagImage.swift */,
				95030CE928D1BA4D001AA3A1 /* AnswerButton.swift */,
				955A658028D703EB00CEEC6D /* GameToolbar.swift */,
				952E41E828DC521200198643 /* GameAlertsModifier.swift */,
			);
			path = Helpers;
			sourceTree = "<group>";
		};
/* End PBXGroup section */

/* Begin PBXNativeTarget section */
		9539828E28C51EDE00B70973 /* GeoQuiz */ = {
			isa = PBXNativeTarget;
			buildConfigurationList = 9539829D28C51EDF00B70973 /* Build configuration list for PBXNativeTarget "GeoQuiz" */;
			buildPhases = (
				9539828B28C51EDE00B70973 /* Sources */,
				9539828C28C51EDE00B70973 /* Frameworks */,
				9539828D28C51EDE00B70973 /* Resources */,
			);
			buildRules = (
			);
			dependencies = (
			);
			name = GeoQuiz;
			productName = GeoQuiz;
			productReference = 9539828F28C51EDE00B70973 /* GeoQuiz.app */;
			productType = "com.apple.product-type.application";
		};
/* End PBXNativeTarget section */

/* Begin PBXProject section */
		9539828728C51EDE00B70973 /* Project object */ = {
			isa = PBXProject;
			attributes = {
				BuildIndependentTargetsInParallel = 1;
				LastSwiftUpdateCheck = 1340;
				LastUpgradeCheck = 1340;
				TargetAttributes = {
					9539828E28C51EDE00B70973 = {
						CreatedOnToolsVersion = 13.4.1;
					};
				};
			};
			buildConfigurationList = 9539828A28C51EDE00B70973 /* Build configuration list for PBXProject "GeoQuiz" */;
			compatibilityVersion = "Xcode 13.0";
			developmentRegion = en;
			hasScannedForEncodings = 0;
			knownRegions = (
				en,
				Base,
			);
			mainGroup = 9539828628C51EDE00B70973;
			productRefGroup = 9539829028C51EDE00B70973 /* Products */;
			projectDirPath = "";
			projectRoot = "";
			targets = (
				9539828E28C51EDE00B70973 /* GeoQuiz */,
			);
		};
/* End PBXProject section */

/* Begin PBXResourcesBuildPhase section */
		9539828D28C51EDE00B70973 /* Resources */ = {
			isa = PBXResourcesBuildPhase;
			buildActionMask = 2147483647;
			files = (
				959D415428C8834B00BAAC14 /* CountryCapitals.json in Resources */,
				959D415228C8834B00BAAC14 /* CountryCurrencies.json in Resources */,
				9539829A28C51EDF00B70973 /* Preview Assets.xcassets in Resources */,
				959D415128C8834B00BAAC14 /* CountryPopulation.json in Resources */,
				959D415028C8834B00BAAC14 /* CountryFlags.json in Resources */,
				9539829728C51EDF00B70973 /* Assets.xcassets in Resources */,
				959D415528C8834B00BAAC14 /* CountryCities.json in Resources */,
				959D416528C88B6400BAAC14 /* CityPopulation.json in Resources */,
			);
			runOnlyForDeploymentPostprocessing = 0;
		};
/* End PBXResourcesBuildPhase section */

/* Begin PBXSourcesBuildPhase section */
		9539828B28C51EDE00B70973 /* Sources */ = {
			isa = PBXSourcesBuildPhase;
			buildActionMask = 2147483647;
			files = (
				955A65A928D7815E00CEEC6D /* Haptics.swift in Sources */,
				952E41E928DC521200198643 /* GameAlertsModifier.swift in Sources */,
				959D415F28C8861F00BAAC14 /* CountryPopulation.swift in Sources */,
				955A658328D733E400CEEC6D /* Game.swift in Sources */,
				95C4315628C64A8C00212131 /* ContentView.swift in Sources */,
				95C4315928C6500000212131 /* GameButton.swift in Sources */,
				950C59F928DB181C007C8504 /* Protocols.swift in Sources */,
				956273EA28CB2E98008DC094 /* FlagImage.swift in Sources */,
				950C59FB28DB1F73007C8504 /* ProtocolTest.swift in Sources */,
				959D414928C87ED900BAAC14 /* CityPopulation.swift in Sources */,
				955A658528D73EC600CEEC6D /* GuessTheCapital.swift in Sources */,
				959D257028C7251F00C55A5E /* BuyLivesModalView.swift in Sources */,
				959D415928C8854800BAAC14 /* CountryCities.swift in Sources */,
				950C59F528DADA10007C8504 /* Animation.swift in Sources */,
				951B630228D1A87C004F9877 /* GuessTheCapitalView.swift in Sources */,
				959D415728C8851900BAAC14 /* CountryCapitals.swift in Sources */,
				9539829328C51EDE00B70973 /* GeoQuizApp.swift in Sources */,
				95030CEA28D1BA4D001AA3A1 /* AnswerButton.swift in Sources */,
				95FA409C28D9881100129B60 /* GuessTheFlag.swift in Sources */,
				955A658128D703EB00CEEC6D /* GameToolbar.swift in Sources */,
				95AE8D5728C8750E0067F219 /* Load.swift in Sources */,
				959D415D28C885ED00BAAC14 /* CountryFlags.swift in Sources */,
				959D415B28C885C700BAAC14 /* CountryCurrencies.swift in Sources */,
				95C430F728D092FC00480D23 /* GameSelection.swift in Sources */,
				950C59FD28DB1F79007C8504 /* ClassTest.swift in Sources */,
				951D197328D485E000671FAD /* CustomColors.swift in Sources */,
				95C430F928D0A8E500480D23 /* CustomGradients.swift in Sources */,
				95FA409A28D9876B00129B60 /* GuessTheFlagView.swift in Sources */,
				952E41EB28DC612400198643 /* GameStatsModalView.swift in Sources */,
			);
			runOnlyForDeploymentPostprocessing = 0;
		};
/* End PBXSourcesBuildPhase section */

/* Begin XCBuildConfiguration section */
		9539829B28C51EDF00B70973 /* Debug */ = {
			isa = XCBuildConfiguration;
			buildSettings = {
				ALWAYS_SEARCH_USER_PATHS = NO;
				CLANG_ANALYZER_NONNULL = YES;
				CLANG_ANALYZER_NUMBER_OBJECT_CONVERSION = YES_AGGRESSIVE;
				CLANG_CXX_LANGUAGE_STANDARD = "gnu++17";
				CLANG_ENABLE_MODULES = YES;
				CLANG_ENABLE_OBJC_ARC = YES;
				CLANG_ENABLE_OBJC_WEAK = YES;
				CLANG_WARN_BLOCK_CAPTURE_AUTORELEASING = YES;
				CLANG_WARN_BOOL_CONVERSION = YES;
				CLANG_WARN_COMMA = YES;
				CLANG_WARN_CONSTANT_CONVERSION = YES;
				CLANG_WARN_DEPRECATED_OBJC_IMPLEMENTATIONS = YES;
				CLANG_WARN_DIRECT_OBJC_ISA_USAGE = YES_ERROR;
				CLANG_WARN_DOCUMENTATION_COMMENTS = YES;
				CLANG_WARN_EMPTY_BODY = YES;
				CLANG_WARN_ENUM_CONVERSION = YES;
				CLANG_WARN_INFINITE_RECURSION = YES;
				CLANG_WARN_INT_CONVERSION = YES;
				CLANG_WARN_NON_LITERAL_NULL_CONVERSION = YES;
				CLANG_WARN_OBJC_IMPLICIT_RETAIN_SELF = YES;
				CLANG_WARN_OBJC_LITERAL_CONVERSION = YES;
				CLANG_WARN_OBJC_ROOT_CLASS = YES_ERROR;
				CLANG_WARN_QUOTED_INCLUDE_IN_FRAMEWORK_HEADER = YES;
				CLANG_WARN_RANGE_LOOP_ANALYSIS = YES;
				CLANG_WARN_STRICT_PROTOTYPES = YES;
				CLANG_WARN_SUSPICIOUS_MOVE = YES;
				CLANG_WARN_UNGUARDED_AVAILABILITY = YES_AGGRESSIVE;
				CLANG_WARN_UNREACHABLE_CODE = YES;
				CLANG_WARN__DUPLICATE_METHOD_MATCH = YES;
				COPY_PHASE_STRIP = NO;
				DEBUG_INFORMATION_FORMAT = dwarf;
				ENABLE_STRICT_OBJC_MSGSEND = YES;
				ENABLE_TESTABILITY = YES;
				GCC_C_LANGUAGE_STANDARD = gnu11;
				GCC_DYNAMIC_NO_PIC = NO;
				GCC_NO_COMMON_BLOCKS = YES;
				GCC_OPTIMIZATION_LEVEL = 0;
				GCC_PREPROCESSOR_DEFINITIONS = (
					"DEBUG=1",
					"$(inherited)",
				);
				GCC_WARN_64_TO_32_BIT_CONVERSION = YES;
				GCC_WARN_ABOUT_RETURN_TYPE = YES_ERROR;
				GCC_WARN_UNDECLARED_SELECTOR = YES;
				GCC_WARN_UNINITIALIZED_AUTOS = YES_AGGRESSIVE;
				GCC_WARN_UNUSED_FUNCTION = YES;
				GCC_WARN_UNUSED_VARIABLE = YES;
				IPHONEOS_DEPLOYMENT_TARGET = 15.5;
				MTL_ENABLE_DEBUG_INFO = INCLUDE_SOURCE;
				MTL_FAST_MATH = YES;
				ONLY_ACTIVE_ARCH = YES;
				SDKROOT = iphoneos;
				SWIFT_ACTIVE_COMPILATION_CONDITIONS = DEBUG;
				SWIFT_OPTIMIZATION_LEVEL = "-Onone";
			};
			name = Debug;
		};
		9539829C28C51EDF00B70973 /* Release */ = {
			isa = XCBuildConfiguration;
			buildSettings = {
				ALWAYS_SEARCH_USER_PATHS = NO;
				CLANG_ANALYZER_NONNULL = YES;
				CLANG_ANALYZER_NUMBER_OBJECT_CONVERSION = YES_AGGRESSIVE;
				CLANG_CXX_LANGUAGE_STANDARD = "gnu++17";
				CLANG_ENABLE_MODULES = YES;
				CLANG_ENABLE_OBJC_ARC = YES;
				CLANG_ENABLE_OBJC_WEAK = YES;
				CLANG_WARN_BLOCK_CAPTURE_AUTORELEASING = YES;
				CLANG_WARN_BOOL_CONVERSION = YES;
				CLANG_WARN_COMMA = YES;
				CLANG_WARN_CONSTANT_CONVERSION = YES;
				CLANG_WARN_DEPRECATED_OBJC_IMPLEMENTATIONS = YES;
				CLANG_WARN_DIRECT_OBJC_ISA_USAGE = YES_ERROR;
				CLANG_WARN_DOCUMENTATION_COMMENTS = YES;
				CLANG_WARN_EMPTY_BODY = YES;
				CLANG_WARN_ENUM_CONVERSION = YES;
				CLANG_WARN_INFINITE_RECURSION = YES;
				CLANG_WARN_INT_CONVERSION = YES;
				CLANG_WARN_NON_LITERAL_NULL_CONVERSION = YES;
				CLANG_WARN_OBJC_IMPLICIT_RETAIN_SELF = YES;
				CLANG_WARN_OBJC_LITERAL_CONVERSION = YES;
				CLANG_WARN_OBJC_ROOT_CLASS = YES_ERROR;
				CLANG_WARN_QUOTED_INCLUDE_IN_FRAMEWORK_HEADER = YES;
				CLANG_WARN_RANGE_LOOP_ANALYSIS = YES;
				CLANG_WARN_STRICT_PROTOTYPES = YES;
				CLANG_WARN_SUSPICIOUS_MOVE = YES;
				CLANG_WARN_UNGUARDED_AVAILABILITY = YES_AGGRESSIVE;
				CLANG_WARN_UNREACHABLE_CODE = YES;
				CLANG_WARN__DUPLICATE_METHOD_MATCH = YES;
				COPY_PHASE_STRIP = NO;
				DEBUG_INFORMATION_FORMAT = "dwarf-with-dsym";
				ENABLE_NS_ASSERTIONS = NO;
				ENABLE_STRICT_OBJC_MSGSEND = YES;
				GCC_C_LANGUAGE_STANDARD = gnu11;
				GCC_NO_COMMON_BLOCKS = YES;
				GCC_WARN_64_TO_32_BIT_CONVERSION = YES;
				GCC_WARN_ABOUT_RETURN_TYPE = YES_ERROR;
				GCC_WARN_UNDECLARED_SELECTOR = YES;
				GCC_WARN_UNINITIALIZED_AUTOS = YES_AGGRESSIVE;
				GCC_WARN_UNUSED_FUNCTION = YES;
				GCC_WARN_UNUSED_VARIABLE = YES;
				IPHONEOS_DEPLOYMENT_TARGET = 15.5;
				MTL_ENABLE_DEBUG_INFO = NO;
				MTL_FAST_MATH = YES;
				SDKROOT = iphoneos;
				SWIFT_COMPILATION_MODE = wholemodule;
				SWIFT_OPTIMIZATION_LEVEL = "-O";
				VALIDATE_PRODUCT = YES;
			};
			name = Release;
		};
		9539829E28C51EDF00B70973 /* Debug */ = {
			isa = XCBuildConfiguration;
			buildSettings = {
				ASSETCATALOG_COMPILER_APPICON_NAME = AppIcon;
				ASSETCATALOG_COMPILER_GLOBAL_ACCENT_COLOR_NAME = AccentColor;
				CODE_SIGN_STYLE = Automatic;
				CURRENT_PROJECT_VERSION = 1;
				DEVELOPMENT_ASSET_PATHS = "\"GeoQuiz/Preview Content\"";
				DEVELOPMENT_TEAM = MTX83R5H8X;
				ENABLE_PREVIEWS = YES;
				GENERATE_INFOPLIST_FILE = YES;
				INFOPLIST_KEY_CFBundleDisplayName = GeoQuiz;
				INFOPLIST_KEY_LSApplicationCategoryType = "public.app-category.trivia-games";
				INFOPLIST_KEY_UIApplicationSceneManifest_Generation = YES;
				INFOPLIST_KEY_UIApplicationSupportsIndirectInputEvents = YES;
				INFOPLIST_KEY_UILaunchScreen_Generation = YES;
				INFOPLIST_KEY_UISupportedInterfaceOrientations = UIInterfaceOrientationPortrait;
				INFOPLIST_KEY_UISupportedInterfaceOrientations_iPad = "UIInterfaceOrientationLandscapeLeft UIInterfaceOrientationLandscapeRight UIInterfaceOrientationPortrait UIInterfaceOrientationPortraitUpsideDown";
				LD_RUNPATH_SEARCH_PATHS = (
					"$(inherited)",
					"@executable_path/Frameworks",
				);
				MARKETING_VERSION = 1.0;
				PRODUCT_BUNDLE_IDENTIFIER = io.dennistech.GeoQuiz;
				PRODUCT_NAME = "$(TARGET_NAME)";
				SWIFT_EMIT_LOC_STRINGS = YES;
				SWIFT_VERSION = 5.0;
				TARGETED_DEVICE_FAMILY = "1,2";
			};
			name = Debug;
		};
		9539829F28C51EDF00B70973 /* Release */ = {
			isa = XCBuildConfiguration;
			buildSettings = {
				ASSETCATALOG_COMPILER_APPICON_NAME = AppIcon;
				ASSETCATALOG_COMPILER_GLOBAL_ACCENT_COLOR_NAME = AccentColor;
				CODE_SIGN_STYLE = Automatic;
				CURRENT_PROJECT_VERSION = 1;
				DEVELOPMENT_ASSET_PATHS = "\"GeoQuiz/Preview Content\"";
				DEVELOPMENT_TEAM = MTX83R5H8X;
				ENABLE_PREVIEWS = YES;
				GENERATE_INFOPLIST_FILE = YES;
				INFOPLIST_KEY_CFBundleDisplayName = GeoQuiz;
				INFOPLIST_KEY_LSApplicationCategoryType = "public.app-category.trivia-games";
				INFOPLIST_KEY_UIApplicationSceneManifest_Generation = YES;
				INFOPLIST_KEY_UIApplicationSupportsIndirectInputEvents = YES;
				INFOPLIST_KEY_UILaunchScreen_Generation = YES;
				INFOPLIST_KEY_UISupportedInterfaceOrientations = UIInterfaceOrientationPortrait;
				INFOPLIST_KEY_UISupportedInterfaceOrientations_iPad = "UIInterfaceOrientationLandscapeLeft UIInterfaceOrientationLandscapeRight UIInterfaceOrientationPortrait UIInterfaceOrientationPortraitUpsideDown";
				LD_RUNPATH_SEARCH_PATHS = (
					"$(inherited)",
					"@executable_path/Frameworks",
				);
				MARKETING_VERSION = 1.0;
				PRODUCT_BUNDLE_IDENTIFIER = io.dennistech.GeoQuiz;
				PRODUCT_NAME = "$(TARGET_NAME)";
				SWIFT_EMIT_LOC_STRINGS = YES;
				SWIFT_VERSION = 5.0;
				TARGETED_DEVICE_FAMILY = "1,2";
			};
			name = Release;
		};
/* End XCBuildConfiguration section */

/* Begin XCConfigurationList section */
		9539828A28C51EDE00B70973 /* Build configuration list for PBXProject "GeoQuiz" */ = {
			isa = XCConfigurationList;
			buildConfigurations = (
				9539829B28C51EDF00B70973 /* Debug */,
				9539829C28C51EDF00B70973 /* Release */,
			);
			defaultConfigurationIsVisible = 0;
			defaultConfigurationName = Release;
		};
		9539829D28C51EDF00B70973 /* Build configuration list for PBXNativeTarget "GeoQuiz" */ = {
			isa = XCConfigurationList;
			buildConfigurations = (
				9539829E28C51EDF00B70973 /* Debug */,
				9539829F28C51EDF00B70973 /* Release */,
			);
			defaultConfigurationIsVisible = 0;
			defaultConfigurationName = Release;
		};
/* End XCConfigurationList section */
	};
	rootObject = 9539828728C51EDE00B70973 /* Project object */;
}
